
Microsoft Visual Studio Solution File, Format Version 12.00
# Visual Studio 15
VisualStudioVersion = 15.0.28010.2046
MinimumVisualStudioVersion = 10.0.40219.1
Project("{9A19103F-16F7-4668-BE54-9A1E7A4F7556}") = "OldestFamilyMember", "OldestFamilyMember\OldestFamilyMember.csproj", "{F68C6548-6AF3-4170-BBD2-274A3B419E4B}"
EndProject
Project("{FAE04EC0-301F-11D3-BF4B-00C04F79EFBC}") = "OpinionPoll", "OpinionPoll\OpinionPoll.csproj", "{CB476D50-A83B-4807-A9A7-FA67B27367C1}"
EndProject
Project("{FAE04EC0-301F-11D3-BF4B-00C04F79EFBC}") = "DateModifier", "DateModifier\DateModifier.csproj", "{8EC24761-B44B-4F5E-8B6F-C2FB9EB67126}"
EndProject
Project("{FAE04EC0-301F-11D3-BF4B-00C04F79EFBC}") = "CompanyRoster", "CompanyRoster\CompanyRoster.csproj", "{004BD962-5BBF-4EBF-AFCB-263588CD4AA4}"
EndProject
Project("{FAE04EC0-301F-11D3-BF4B-00C04F79EFBC}") = "SpeedRacing", "SpeedRacing\SpeedRacing.csproj", "{432A17D0-9A4E-4AD4-9A71-E41D45E9B997}"
EndProject
Project("{FAE04EC0-301F-11D3-BF4B-00C04F79EFBC}") = "RawData", "RawData\RawData.csproj", "{C39E070F-CD71-40D0-A02A-C6A0D3E00F59}"
EndProject
Project("{FAE04EC0-301F-11D3-BF4B-00C04F79EFBC}") = "RectangleIntersection", "RectangleIntersection\RectangleIntersection.csproj", "{A19537A1-918C-4EFE-9D22-3C34F46336BF}"
EndProject
Project("{FAE04EC0-301F-11D3-BF4B-00C04F79EFBC}") = "CarSalesman", "CarSalesman\CarSalesman.csproj", "{41AB73E2-C4D2-4B4D-A6C9-4823234F041B}"
EndProject
Project("{FAE04EC0-301F-11D3-BF4B-00C04F79EFBC}") = "PokemonTrainer", "PokemonTrainer\PokemonTrainer.csproj", "{4B0E6B35-ACC7-4A22-BA67-1AA8A51AC040}"
EndProject
Project("{FAE04EC0-301F-11D3-BF4B-00C04F79EFBC}") = "Google", "Google\Google.csproj", "{8310B3A2-7300-4739-9338-9DEDDC697EC1}"
EndProject
Global
	GlobalSection(SolutionConfigurationPlatforms) = preSolution
		Debug|Any CPU = Debug|Any CPU
		Release|Any CPU = Release|Any CPU
	EndGlobalSection
	GlobalSection(ProjectConfigurationPlatforms) = postSolution
		{F68C6548-6AF3-4170-BBD2-274A3B419E4B}.Debug|Any CPU.ActiveCfg = Debug|Any CPU
		{F68C6548-6AF3-4170-BBD2-274A3B419E4B}.Debug|Any CPU.Build.0 = Debug|Any CPU
		{F68C6548-6AF3-4170-BBD2-274A3B419E4B}.Release|Any CPU.ActiveCfg = Release|Any CPU
		{F68C6548-6AF3-4170-BBD2-274A3B419E4B}.Release|Any CPU.Build.0 = Release|Any CPU
		{CB476D50-A83B-4807-A9A7-FA67B27367C1}.Debug|Any CPU.ActiveCfg = Debug|Any CPU
		{CB476D50-A83B-4807-A9A7-FA67B27367C1}.Debug|Any CPU.Build.0 = Debug|Any CPU
		{CB476D50-A83B-4807-A9A7-FA67B27367C1}.Release|Any CPU.ActiveCfg = Release|Any CPU
		{CB476D50-A83B-4807-A9A7-FA67B27367C1}.Release|Any CPU.Build.0 = Release|Any CPU
		{8EC24761-B44B-4F5E-8B6F-C2FB9EB67126}.Debug|Any CPU.ActiveCfg = Debug|Any CPU
		{8EC24761-B44B-4F5E-8B6F-C2FB9EB67126}.Debug|Any CPU.Build.0 = Debug|Any CPU
		{8EC24761-B44B-4F5E-8B6F-C2FB9EB67126}.Release|Any CPU.ActiveCfg = Release|Any CPU
		{8EC24761-B44B-4F5E-8B6F-C2FB9EB67126}.Release|Any CPU.Build.0 = Release|Any CPU
		{004BD962-5BBF-4EBF-AFCB-263588CD4AA4}.Debug|Any CPU.ActiveCfg = Debug|Any CPU
		{004BD962-5BBF-4EBF-AFCB-263588CD4AA4}.Debug|Any CPU.Build.0 = Debug|Any CPU
		{004BD962-5BBF-4EBF-AFCB-263588CD4AA4}.Release|Any CPU.ActiveCfg = Release|Any CPU
		{004BD962-5BBF-4EBF-AFCB-263588CD4AA4}.Release|Any CPU.Build.0 = Release|Any CPU
		{432A17D0-9A4E-4AD4-9A71-E41D45E9B997}.Debug|Any CPU.ActiveCfg = Debug|Any CPU
		{432A17D0-9A4E-4AD4-9A71-E41D45E9B997}.Debug|Any CPU.Build.0 = Debug|Any CPU
		{432A17D0-9A4E-4AD4-9A71-E41D45E9B997}.Release|Any CPU.ActiveCfg = Release|Any CPU
		{432A17D0-9A4E-4AD4-9A71-E41D45E9B997}.Release|Any CPU.Build.0 = Release|Any CPU
		{C39E070F-CD71-40D0-A02A-C6A0D3E00F59}.Debug|Any CPU.ActiveCfg = Debug|Any CPU
		{C39E070F-CD71-40D0-A02A-C6A0D3E00F59}.Debug|Any CPU.Build.0 = Debug|Any CPU
		{C39E070F-CD71-40D0-A02A-C6A0D3E00F59}.Release|Any CPU.ActiveCfg = Release|Any CPU
		{C39E070F-CD71-40D0-A02A-C6A0D3E00F59}.Release|Any CPU.Build.0 = Release|Any CPU
		{A19537A1-918C-4EFE-9D22-3C34F46336BF}.Debug|Any CPU.ActiveCfg = Debug|Any CPU
		{A19537A1-918C-4EFE-9D22-3C34F46336BF}.Debug|Any CPU.Build.0 = Debug|Any CPU
		{A19537A1-918C-4EFE-9D22-3C34F46336BF}.Release|Any CPU.ActiveCfg = Release|Any CPU
		{A19537A1-918C-4EFE-9D22-3C34F46336BF}.Release|Any CPU.Build.0 = Release|Any CPU
		{41AB73E2-C4D2-4B4D-A6C9-4823234F041B}.Debug|Any CPU.ActiveCfg = Debug|Any CPU
		{41AB73E2-C4D2-4B4D-A6C9-4823234F041B}.Debug|Any CPU.Build.0 = Debug|Any CPU
		{41AB73E2-C4D2-4B4D-A6C9-4823234F041B}.Release|Any CPU.ActiveCfg = Release|Any CPU
		{41AB73E2-C4D2-4B4D-A6C9-4823234F041B}.Release|Any CPU.Build.0 = Release|Any CPU
		{4B0E6B35-ACC7-4A22-BA67-1AA8A51AC040}.Debug|Any CPU.ActiveCfg = Debug|Any CPU
		{4B0E6B35-ACC7-4A22-BA67-1AA8A51AC040}.Debug|Any CPU.Build.0 = Debug|Any CPU
		{4B0E6B35-ACC7-4A22-BA67-1AA8A51AC040}.Release|Any CPU.ActiveCfg = Release|Any CPU
		{4B0E6B35-ACC7-4A22-BA67-1AA8A51AC040}.Release|Any CPU.Build.0 = Release|Any CPU
		{8310B3A2-7300-4739-9338-9DEDDC697EC1}.Debug|Any CPU.ActiveCfg = Debug|Any CPU
		{8310B3A2-7300-4739-9338-9DEDDC697EC1}.Debug|Any CPU.Build.0 = Debug|Any CPU
		{8310B3A2-7300-4739-9338-9DEDDC697EC1}.Release|Any CPU.ActiveCfg = Release|Any CPU
		{8310B3A2-7300-4739-9338-9DEDDC697EC1}.Release|Any CPU.Build.0 = Release|Any CPU
	EndGlobalSection
	GlobalSection(SolutionProperties) = preSolution
		HideSolutionNode = FALSE
	EndGlobalSection
	GlobalSection(ExtensibilityGlobals) = postSolution
		SolutionGuid = {B513D3BB-DAD5-497B-9DD3-5CFF798C7D13}
	EndGlobalSection
EndGlobal
