
Microsoft Visual Studio Solution File, Format Version 12.00
# Visual Studio 15
VisualStudioVersion = 15.0.27130.2010
MinimumVisualStudioVersion = 10.0.40219.1
Project("{FAE04EC0-301F-11D3-BF4B-00C04F79EFBC}") = "StarEnigma", "StarEnigma\StarEnigma.csproj", "{AE3A87F0-EB89-409E-9C46-329C596BB85C}"
EndProject
Project("{FAE04EC0-301F-11D3-BF4B-00C04F79EFBC}") = "SnowFlake", "SnowFlake\SnowFlake.csproj", "{57BABDBA-513D-4712-AB4C-F8EE89B58B2E}"
EndProject
Project("{FAE04EC0-301F-11D3-BF4B-00C04F79EFBC}") = "AnonimiusVox", "AnonimiusVox\AnonimiusVox.csproj", "{D2BE3290-9D63-4357-9F1F-59CD189661A6}"
EndProject
Project("{FAE04EC0-301F-11D3-BF4B-00C04F79EFBC}") = "Regemon", "Regemon\Regemon.csproj", "{4B0C6753-1FBC-41D2-8FE4-03C79160DFC8}"
EndProject
Project("{FAE04EC0-301F-11D3-BF4B-00C04F79EFBC}") = "WinningTicket", "WinningTicket\WinningTicket.csproj", "{88D4604A-E2C4-4E85-ADF1-739FF60D6240}"
EndProject
Global
	GlobalSection(SolutionConfigurationPlatforms) = preSolution
		Debug|Any CPU = Debug|Any CPU
		Release|Any CPU = Release|Any CPU
	EndGlobalSection
	GlobalSection(ProjectConfigurationPlatforms) = postSolution
		{AE3A87F0-EB89-409E-9C46-329C596BB85C}.Debug|Any CPU.ActiveCfg = Debug|Any CPU
		{AE3A87F0-EB89-409E-9C46-329C596BB85C}.Debug|Any CPU.Build.0 = Debug|Any CPU
		{AE3A87F0-EB89-409E-9C46-329C596BB85C}.Release|Any CPU.ActiveCfg = Release|Any CPU
		{AE3A87F0-EB89-409E-9C46-329C596BB85C}.Release|Any CPU.Build.0 = Release|Any CPU
		{57BABDBA-513D-4712-AB4C-F8EE89B58B2E}.Debug|Any CPU.ActiveCfg = Debug|Any CPU
		{57BABDBA-513D-4712-AB4C-F8EE89B58B2E}.Debug|Any CPU.Build.0 = Debug|Any CPU
		{57BABDBA-513D-4712-AB4C-F8EE89B58B2E}.Release|Any CPU.ActiveCfg = Release|Any CPU
		{57BABDBA-513D-4712-AB4C-F8EE89B58B2E}.Release|Any CPU.Build.0 = Release|Any CPU
		{D2BE3290-9D63-4357-9F1F-59CD189661A6}.Debug|Any CPU.ActiveCfg = Debug|Any CPU
		{D2BE3290-9D63-4357-9F1F-59CD189661A6}.Debug|Any CPU.Build.0 = Debug|Any CPU
		{D2BE3290-9D63-4357-9F1F-59CD189661A6}.Release|Any CPU.ActiveCfg = Release|Any CPU
		{D2BE3290-9D63-4357-9F1F-59CD189661A6}.Release|Any CPU.Build.0 = Release|Any CPU
		{4B0C6753-1FBC-41D2-8FE4-03C79160DFC8}.Debug|Any CPU.ActiveCfg = Debug|Any CPU
		{4B0C6753-1FBC-41D2-8FE4-03C79160DFC8}.Debug|Any CPU.Build.0 = Debug|Any CPU
		{4B0C6753-1FBC-41D2-8FE4-03C79160DFC8}.Release|Any CPU.ActiveCfg = Release|Any CPU
		{4B0C6753-1FBC-41D2-8FE4-03C79160DFC8}.Release|Any CPU.Build.0 = Release|Any CPU
		{88D4604A-E2C4-4E85-ADF1-739FF60D6240}.Debug|Any CPU.ActiveCfg = Debug|Any CPU
		{88D4604A-E2C4-4E85-ADF1-739FF60D6240}.Debug|Any CPU.Build.0 = Debug|Any CPU
		{88D4604A-E2C4-4E85-ADF1-739FF60D6240}.Release|Any CPU.ActiveCfg = Release|Any CPU
		{88D4604A-E2C4-4E85-ADF1-739FF60D6240}.Release|Any CPU.Build.0 = Release|Any CPU
	EndGlobalSection
	GlobalSection(SolutionProperties) = preSolution
		HideSolutionNode = FALSE
	EndGlobalSection
	GlobalSection(ExtensibilityGlobals) = postSolution
		SolutionGuid = {6A17B7AF-B81C-44D5-BF51-F99DE03A8ED2}
	EndGlobalSection
EndGlobal
